// !$*UTF8*$!
{
	archiveVersion = 1;
	classes = {
	};
	objectVersion = 50;
	objects = {

/* Begin PBXBuildFile section */
		3A322BC922F7D06000F5E7DB /* AppDelegate.swift in Sources */ = {isa = PBXBuildFile; fileRef = 3A322BC822F7D06000F5E7DB /* AppDelegate.swift */; };
		3A322BCB22F7D06000F5E7DB /* ViewController.swift in Sources */ = {isa = PBXBuildFile; fileRef = 3A322BCA22F7D06000F5E7DB /* ViewController.swift */; };
		3A322BCE22F7D06000F5E7DB /* Main.storyboard in Resources */ = {isa = PBXBuildFile; fileRef = 3A322BCC22F7D06000F5E7DB /* Main.storyboard */; };
		3A322BD022F7D06300F5E7DB /* Assets.xcassets in Resources */ = {isa = PBXBuildFile; fileRef = 3A322BCF22F7D06300F5E7DB /* Assets.xcassets */; };
		3A322BD322F7D06300F5E7DB /* LaunchScreen.storyboard in Resources */ = {isa = PBXBuildFile; fileRef = 3A322BD122F7D06300F5E7DB /* LaunchScreen.storyboard */; };
		3A322BDE22F7D7C500F5E7DB /* DataModel.swift in Sources */ = {isa = PBXBuildFile; fileRef = 3A322BDD22F7D7C500F5E7DB /* DataModel.swift */; };
		3A322BE022F7D89E00F5E7DB /* ReportCell.xib in Resources */ = {isa = PBXBuildFile; fileRef = 3A322BDF22F7D89E00F5E7DB /* ReportCell.xib */; };
		3A322BE322F7DE4B00F5E7DB /* CustomReportCell.swift in Sources */ = {isa = PBXBuildFile; fileRef = 3A322BE222F7DE4B00F5E7DB /* CustomReportCell.swift */; };
		3A322BE522F7F3D900F5E7DB /* ReportViewController.swift in Sources */ = {isa = PBXBuildFile; fileRef = 3A322BE422F7F3D900F5E7DB /* ReportViewController.swift */; };
		3A6F6C4B22F95A1400BD3DF3 /* DataManager.swift in Sources */ = {isa = PBXBuildFile; fileRef = 3A6F6C4A22F95A1400BD3DF3 /* DataManager.swift */; };
		3A6F6C4F22F9701300BD3DF3 /* CurrentSelectedReport.swift in Sources */ = {isa = PBXBuildFile; fileRef = 3A6F6C4E22F9701300BD3DF3 /* CurrentSelectedReport.swift */; };
		3A6F6C5122F9750F00BD3DF3 /* AppUtility.swift in Sources */ = {isa = PBXBuildFile; fileRef = 3A6F6C5022F9750F00BD3DF3 /* AppUtility.swift */; };
		3ADE515722FA6F3B008387A5 /* CustomCommentCell.swift in Sources */ = {isa = PBXBuildFile; fileRef = 3ADE515522FA6F3B008387A5 /* CustomCommentCell.swift */; };
		3ADE515822FA6F3B008387A5 /* CustomCommentCell.xib in Resources */ = {isa = PBXBuildFile; fileRef = 3ADE515622FA6F3B008387A5 /* CustomCommentCell.xib */; };
		3AF1C5B922FC140200A16D63 /* Constants.swift in Sources */ = {isa = PBXBuildFile; fileRef = 3AF1C5B822FC140200A16D63 /* Constants.swift */; };
/* End PBXBuildFile section */

/* Begin PBXFileReference section */
		3A322BC522F7D06000F5E7DB /* Practice.app */ = {isa = PBXFileReference; explicitFileType = wrapper.application; includeInIndex = 0; path = Practice.app; sourceTree = BUILT_PRODUCTS_DIR; };
		3A322BC822F7D06000F5E7DB /* AppDelegate.swift */ = {isa = PBXFileReference; lastKnownFileType = sourcecode.swift; path = AppDelegate.swift; sourceTree = "<group>"; };
		3A322BCA22F7D06000F5E7DB /* ViewController.swift */ = {isa = PBXFileReference; lastKnownFileType = sourcecode.swift; path = ViewController.swift; sourceTree = "<group>"; };
		3A322BCD22F7D06000F5E7DB /* Base */ = {isa = PBXFileReference; lastKnownFileType = file.storyboard; name = Base; path = Base.lproj/Main.storyboard; sourceTree = "<group>"; };
		3A322BCF22F7D06300F5E7DB /* Assets.xcassets */ = {isa = PBXFileReference; lastKnownFileType = folder.assetcatalog; path = Assets.xcassets; sourceTree = "<group>"; };
		3A322BD222F7D06300F5E7DB /* Base */ = {isa = PBXFileReference; lastKnownFileType = file.storyboard; name = Base; path = Base.lproj/LaunchScreen.storyboard; sourceTree = "<group>"; };
		3A322BD422F7D06300F5E7DB /* Info.plist */ = {isa = PBXFileReference; lastKnownFileType = text.plist.xml; path = Info.plist; sourceTree = "<group>"; };
		3A322BDD22F7D7C500F5E7DB /* DataModel.swift */ = {isa = PBXFileReference; lastKnownFileType = sourcecode.swift; path = DataModel.swift; sourceTree = "<group>"; };
		3A322BDF22F7D89E00F5E7DB /* ReportCell.xib */ = {isa = PBXFileReference; lastKnownFileType = file.xib; path = ReportCell.xib; sourceTree = "<group>"; };
		3A322BE222F7DE4B00F5E7DB /* CustomReportCell.swift */ = {isa = PBXFileReference; lastKnownFileType = sourcecode.swift; path = CustomReportCell.swift; sourceTree = "<group>"; };
		3A322BE422F7F3D900F5E7DB /* ReportViewController.swift */ = {isa = PBXFileReference; lastKnownFileType = sourcecode.swift; path = ReportViewController.swift; sourceTree = "<group>"; };
		3A6F6C4A22F95A1400BD3DF3 /* DataManager.swift */ = {isa = PBXFileReference; lastKnownFileType = sourcecode.swift; path = DataManager.swift; sourceTree = "<group>"; };
		3A6F6C4E22F9701300BD3DF3 /* CurrentSelectedReport.swift */ = {isa = PBXFileReference; lastKnownFileType = sourcecode.swift; path = CurrentSelectedReport.swift; sourceTree = "<group>"; };
		3A6F6C5022F9750F00BD3DF3 /* AppUtility.swift */ = {isa = PBXFileReference; lastKnownFileType = sourcecode.swift; path = AppUtility.swift; sourceTree = "<group>"; };
		3ADE515522FA6F3B008387A5 /* CustomCommentCell.swift */ = {isa = PBXFileReference; lastKnownFileType = sourcecode.swift; path = CustomCommentCell.swift; sourceTree = "<group>"; };
		3ADE515622FA6F3B008387A5 /* CustomCommentCell.xib */ = {isa = PBXFileReference; lastKnownFileType = file.xib; path = CustomCommentCell.xib; sourceTree = "<group>"; };
		3AF1C5B822FC140200A16D63 /* Constants.swift */ = {isa = PBXFileReference; lastKnownFileType = sourcecode.swift; path = Constants.swift; sourceTree = "<group>"; };
/* End PBXFileReference section */

/* Begin PBXFrameworksBuildPhase section */
		3A322BC222F7D06000F5E7DB /* Frameworks */ = {
			isa = PBXFrameworksBuildPhase;
			buildActionMask = 2147483647;
			files = (
			);
			runOnlyForDeploymentPostprocessing = 0;
		};
/* End PBXFrameworksBuildPhase section */

/* Begin PBXGroup section */
		3A322BBC22F7D06000F5E7DB = {
			isa = PBXGroup;
			children = (
				3A322BC722F7D06000F5E7DB /* Practice */,
				3A322BC622F7D06000F5E7DB /* Products */,
			);
			sourceTree = "<group>";
		};
		3A322BC622F7D06000F5E7DB /* Products */ = {
			isa = PBXGroup;
			children = (
				3A322BC522F7D06000F5E7DB /* Practice.app */,
			);
			name = Products;
			sourceTree = "<group>";
		};
		3A322BC722F7D06000F5E7DB /* Practice */ = {
			isa = PBXGroup;
			children = (
				3AF1C5B822FC140200A16D63 /* Constants.swift */,
				3A322BC822F7D06000F5E7DB /* AppDelegate.swift */,
				3A6F6C5022F9750F00BD3DF3 /* AppUtility.swift */,
				3A322BDA22F7D76800F5E7DB /* Model */,
				3A322BDB22F7D77200F5E7DB /* View */,
				3A322BDC22F7D77B00F5E7DB /* Controller */,
				3A322BCF22F7D06300F5E7DB /* Assets.xcassets */,
				3A322BD422F7D06300F5E7DB /* Info.plist */,
			);
			path = Practice;
			sourceTree = "<group>";
		};
		3A322BDA22F7D76800F5E7DB /* Model */ = {
			isa = PBXGroup;
			children = (
				3A322BDD22F7D7C500F5E7DB /* DataModel.swift */,
				3A6F6C4A22F95A1400BD3DF3 /* DataManager.swift */,
			);
			path = Model;
			sourceTree = "<group>";
		};
		3A322BDB22F7D77200F5E7DB /* View */ = {
			isa = PBXGroup;
			children = (
				3A322BD122F7D06300F5E7DB /* LaunchScreen.storyboard */,
				3A322BCC22F7D06000F5E7DB /* Main.storyboard */,
				3A322BE122F7D8A900F5E7DB /* CustomCell */,
			);
			path = View;
			sourceTree = "<group>";
		};
		3A322BDC22F7D77B00F5E7DB /* Controller */ = {
			isa = PBXGroup;
			children = (
				3A322BCA22F7D06000F5E7DB /* ViewController.swift */,
				3A322BE422F7F3D900F5E7DB /* ReportViewController.swift */,
				3A6F6C4E22F9701300BD3DF3 /* CurrentSelectedReport.swift */,
			);
			path = Controller;
			sourceTree = "<group>";
		};
		3A322BE122F7D8A900F5E7DB /* CustomCell */ = {
			isa = PBXGroup;
			children = (
				3A322BDF22F7D89E00F5E7DB /* ReportCell.xib */,
				3A322BE222F7DE4B00F5E7DB /* CustomReportCell.swift */,
				3ADE515622FA6F3B008387A5 /* CustomCommentCell.xib */,
				3ADE515522FA6F3B008387A5 /* CustomCommentCell.swift */,
			);
			path = CustomCell;
			sourceTree = "<group>";
		};
/* End PBXGroup section */

/* Begin PBXNativeTarget section */
		3A322BC422F7D06000F5E7DB /* Practice */ = {
			isa = PBXNativeTarget;
			buildConfigurationList = 3A322BD722F7D06300F5E7DB /* Build configuration list for PBXNativeTarget "Practice" */;
			buildPhases = (
				3A322BC122F7D06000F5E7DB /* Sources */,
				3A322BC222F7D06000F5E7DB /* Frameworks */,
				3A322BC322F7D06000F5E7DB /* Resources */,
			);
			buildRules = (
			);
			dependencies = (
			);
			name = Practice;
			productName = Practice;
			productReference = 3A322BC522F7D06000F5E7DB /* Practice.app */;
			productType = "com.apple.product-type.application";
		};
/* End PBXNativeTarget section */

/* Begin PBXProject section */
		3A322BBD22F7D06000F5E7DB /* Project object */ = {
			isa = PBXProject;
			attributes = {
				LastSwiftUpdateCheck = 1020;
				LastUpgradeCheck = 1020;
				ORGANIZATIONNAME = "FDC John Go";
				TargetAttributes = {
					3A322BC422F7D06000F5E7DB = {
						CreatedOnToolsVersion = 10.2;
					};
				};
			};
			buildConfigurationList = 3A322BC022F7D06000F5E7DB /* Build configuration list for PBXProject "Practice" */;
			compatibilityVersion = "Xcode 9.3";
			developmentRegion = en;
			hasScannedForEncodings = 0;
			knownRegions = (
				en,
				Base,
			);
			mainGroup = 3A322BBC22F7D06000F5E7DB;
			productRefGroup = 3A322BC622F7D06000F5E7DB /* Products */;
			projectDirPath = "";
			projectRoot = "";
			targets = (
				3A322BC422F7D06000F5E7DB /* Practice */,
			);
		};
/* End PBXProject section */

/* Begin PBXResourcesBuildPhase section */
		3A322BC322F7D06000F5E7DB /* Resources */ = {
			isa = PBXResourcesBuildPhase;
			buildActionMask = 2147483647;
			files = (
				3ADE515822FA6F3B008387A5 /* CustomCommentCell.xib in Resources */,
				3A322BD322F7D06300F5E7DB /* LaunchScreen.storyboard in Resources */,
				3A322BD022F7D06300F5E7DB /* Assets.xcassets in Resources */,
				3A322BCE22F7D06000F5E7DB /* Main.storyboard in Resources */,
				3A322BE022F7D89E00F5E7DB /* ReportCell.xib in Resources */,
			);
			runOnlyForDeploymentPostprocessing = 0;
		};
/* End PBXResourcesBuildPhase section */

/* Begin PBXSourcesBuildPhase section */
		3A322BC122F7D06000F5E7DB /* Sources */ = {
			isa = PBXSourcesBuildPhase;
			buildActionMask = 2147483647;
			files = (
				3A6F6C5122F9750F00BD3DF3 /* AppUtility.swift in Sources */,
				3AF1C5B922FC140200A16D63 /* Constants.swift in Sources */,
				3A322BE322F7DE4B00F5E7DB /* CustomReportCell.swift in Sources */,
				3A6F6C4B22F95A1400BD3DF3 /* DataManager.swift in Sources */,
				3A322BCB22F7D06000F5E7DB /* ViewController.swift in Sources */,
				3A322BE522F7F3D900F5E7DB /* ReportViewController.swift in Sources */,
				3A322BC922F7D06000F5E7DB /* AppDelegate.swift in Sources */,
				3A322BDE22F7D7C500F5E7DB /* DataModel.swift in Sources */,
				3A6F6C4F22F9701300BD3DF3 /* CurrentSelectedReport.swift in Sources */,
				3ADE515722FA6F3B008387A5 /* CustomCommentCell.swift in Sources */,
			);
			runOnlyForDeploymentPostprocessing = 0;
		};
/* End PBXSourcesBuildPhase section */

/* Begin PBXVariantGroup section */
		3A322BCC22F7D06000F5E7DB /* Main.storyboard */ = {
			isa = PBXVariantGroup;
			children = (
				3A322BCD22F7D06000F5E7DB /* Base */,
			);
			name = Main.storyboard;
			sourceTree = "<group>";
		};
		3A322BD122F7D06300F5E7DB /* LaunchScreen.storyboard */ = {
			isa = PBXVariantGroup;
			children = (
				3A322BD222F7D06300F5E7DB /* Base */,
			);
			name = LaunchScreen.storyboard;
			sourceTree = "<group>";
		};
/* End PBXVariantGroup section */

/* Begin XCBuildConfiguration section */
		3A322BD522F7D06300F5E7DB /* Debug */ = {
			isa = XCBuildConfiguration;
			buildSettings = {
				ALWAYS_SEARCH_USER_PATHS = NO;
				CLANG_ANALYZER_NONNULL = YES;
				CLANG_ANALYZER_NUMBER_OBJECT_CONVERSION = YES_AGGRESSIVE;
				CLANG_CXX_LANGUAGE_STANDARD = "gnu++14";
				CLANG_CXX_LIBRARY = "libc++";
				CLANG_ENABLE_MODULES = YES;
				CLANG_ENABLE_OBJC_ARC = YES;
				CLANG_ENABLE_OBJC_WEAK = YES;
				CLANG_WARN_BLOCK_CAPTURE_AUTORELEASING = YES;
				CLANG_WARN_BOOL_CONVERSION = YES;
				CLANG_WARN_COMMA = YES;
				CLANG_WARN_CONSTANT_CONVERSION = YES;
				CLANG_WARN_DEPRECATED_OBJC_IMPLEMENTATIONS = YES;
				CLANG_WARN_DIRECT_OBJC_ISA_USAGE = YES_ERROR;
				CLANG_WARN_DOCUMENTATION_COMMENTS = YES;
				CLANG_WARN_EMPTY_BODY = YES;
				CLANG_WARN_ENUM_CONVERSION = YES;
				CLANG_WARN_INFINITE_RECURSION = YES;
				CLANG_WARN_INT_CONVERSION = YES;
				CLANG_WARN_NON_LITERAL_NULL_CONVERSION = YES;
				CLANG_WARN_OBJC_IMPLICIT_RETAIN_SELF = YES;
				CLANG_WARN_OBJC_LITERAL_CONVERSION = YES;
				CLANG_WARN_OBJC_ROOT_CLASS = YES_ERROR;
				CLANG_WARN_RANGE_LOOP_ANALYSIS = YES;
				CLANG_WARN_STRICT_PROTOTYPES = YES;
				CLANG_WARN_SUSPICIOUS_MOVE = YES;
				CLANG_WARN_UNGUARDED_AVAILABILITY = YES_AGGRESSIVE;
				CLANG_WARN_UNREACHABLE_CODE = YES;
				CLANG_WARN__DUPLICATE_METHOD_MATCH = YES;
				CODE_SIGN_IDENTITY = "iPhone Developer";
				COPY_PHASE_STRIP = NO;
				DEBUG_INFORMATION_FORMAT = dwarf;
				ENABLE_STRICT_OBJC_MSGSEND = YES;
				ENABLE_TESTABILITY = YES;
				GCC_C_LANGUAGE_STANDARD = gnu11;
				GCC_DYNAMIC_NO_PIC = NO;
				GCC_NO_COMMON_BLOCKS = YES;
				GCC_OPTIMIZATION_LEVEL = 0;
				GCC_PREPROCESSOR_DEFINITIONS = (
					"DEBUG=1",
					"$(inherited)",
				);
				GCC_WARN_64_TO_32_BIT_CONVERSION = YES;
				GCC_WARN_ABOUT_RETURN_TYPE = YES_ERROR;
				GCC_WARN_UNDECLARED_SELECTOR = YES;
				GCC_WARN_UNINITIALIZED_AUTOS = YES_AGGRESSIVE;
				GCC_WARN_UNUSED_FUNCTION = YES;
				GCC_WARN_UNUSED_VARIABLE = YES;
				IPHONEOS_DEPLOYMENT_TARGET = 12.2;
				MTL_ENABLE_DEBUG_INFO = INCLUDE_SOURCE;
				MTL_FAST_MATH = YES;
				ONLY_ACTIVE_ARCH = YES;
				SDKROOT = iphoneos;
				SWIFT_ACTIVE_COMPILATION_CONDITIONS = DEBUG;
				SWIFT_OPTIMIZATION_LEVEL = "-Onone";
			};
			name = Debug;
		};
		3A322BD622F7D06300F5E7DB /* Release */ = {
			isa = XCBuildConfiguration;
			buildSettings = {
				ALWAYS_SEARCH_USER_PATHS = NO;
				CLANG_ANALYZER_NONNULL = YES;
				CLANG_ANALYZER_NUMBER_OBJECT_CONVERSION = YES_AGGRESSIVE;
				CLANG_CXX_LANGUAGE_STANDARD = "gnu++14";
				CLANG_CXX_LIBRARY = "libc++";
				CLANG_ENABLE_MODULES = YES;
				CLANG_ENABLE_OBJC_ARC = YES;
				CLANG_ENABLE_OBJC_WEAK = YES;
				CLANG_WARN_BLOCK_CAPTURE_AUTORELEASING = YES;
				CLANG_WARN_BOOL_CONVERSION = YES;
				CLANG_WARN_COMMA = YES;
				CLANG_WARN_CONSTANT_CONVERSION = YES;
				CLANG_WARN_DEPRECATED_OBJC_IMPLEMENTATIONS = YES;
				CLANG_WARN_DIRECT_OBJC_ISA_USAGE = YES_ERROR;
				CLANG_WARN_DOCUMENTATION_COMMENTS = YES;
				CLANG_WARN_EMPTY_BODY = YES;
				CLANG_WARN_ENUM_CONVERSION = YES;
				CLANG_WARN_INFINITE_RECURSION = YES;
				CLANG_WARN_INT_CONVERSION = YES;
				CLANG_WARN_NON_LITERAL_NULL_CONVERSION = YES;
				CLANG_WARN_OBJC_IMPLICIT_RETAIN_SELF = YES;
				CLANG_WARN_OBJC_LITERAL_CONVERSION = YES;
				CLANG_WARN_OBJC_ROOT_CLASS = YES_ERROR;
				CLANG_WARN_RANGE_LOOP_ANALYSIS = YES;
				CLANG_WARN_STRICT_PROTOTYPES = YES;
				CLANG_WARN_SUSPICIOUS_MOVE = YES;
				CLANG_WARN_UNGUARDED_AVAILABILITY = YES_AGGRESSIVE;
				CLANG_WARN_UNREACHABLE_CODE = YES;
				CLANG_WARN__DUPLICATE_METHOD_MATCH = YES;
				CODE_SIGN_IDENTITY = "iPhone Developer";
				COPY_PHASE_STRIP = NO;
				DEBUG_INFORMATION_FORMAT = "dwarf-with-dsym";
				ENABLE_NS_ASSERTIONS = NO;
				ENABLE_STRICT_OBJC_MSGSEND = YES;
				GCC_C_LANGUAGE_STANDARD = gnu11;
				GCC_NO_COMMON_BLOCKS = YES;
				GCC_WARN_64_TO_32_BIT_CONVERSION = YES;
				GCC_WARN_ABOUT_RETURN_TYPE = YES_ERROR;
				GCC_WARN_UNDECLARED_SELECTOR = YES;
				GCC_WARN_UNINITIALIZED_AUTOS = YES_AGGRESSIVE;
				GCC_WARN_UNUSED_FUNCTION = YES;
				GCC_WARN_UNUSED_VARIABLE = YES;
				IPHONEOS_DEPLOYMENT_TARGET = 12.2;
				MTL_ENABLE_DEBUG_INFO = NO;
				MTL_FAST_MATH = YES;
				SDKROOT = iphoneos;
				SWIFT_COMPILATION_MODE = wholemodule;
				SWIFT_OPTIMIZATION_LEVEL = "-O";
				VALIDATE_PRODUCT = YES;
			};
			name = Release;
		};
		3A322BD822F7D06300F5E7DB /* Debug */ = {
			isa = XCBuildConfiguration;
			buildSettings = {
				ASSETCATALOG_COMPILER_APPICON_NAME = AppIcon;
				CODE_SIGN_STYLE = Automatic;
				DEVELOPMENT_TEAM = 7385R8KV2K;
				INFOPLIST_FILE = Practice/Info.plist;
				LD_RUNPATH_SEARCH_PATHS = (
					"$(inherited)",
					"@executable_path/Frameworks",
				);
				PRODUCT_BUNDLE_IDENTIFIER = com.fdcjohngo.Practice;
				PRODUCT_NAME = "$(TARGET_NAME)";
				SWIFT_VERSION = 5.0;
				TARGETED_DEVICE_FAMILY = "1,2";
			};
			name = Debug;
		};
		3A322BD922F7D06300F5E7DB /* Release */ = {
			isa = XCBuildConfiguration;
			buildSettings = {
				ASSETCATALOG_COMPILER_APPICON_NAME = AppIcon;
				CODE_SIGN_STYLE = Automatic;
				DEVELOPMENT_TEAM = 7385R8KV2K;
				INFOPLIST_FILE = Practice/Info.plist;
				LD_RUNPATH_SEARCH_PATHS = (
					"$(inherited)",
					"@executable_path/Frameworks",
				);
				PRODUCT_BUNDLE_IDENTIFIER = com.fdcjohngo.Practice;
				PRODUCT_NAME = "$(TARGET_NAME)";
				SWIFT_VERSION = 5.0;
				TARGETED_DEVICE_FAMILY = "1,2";
			};
			name = Release;
		};
/* End XCBuildConfiguration section */

/* Begin XCConfigurationList section */
		3A322BC022F7D06000F5E7DB /* Build configuration list for PBXProject "Practice" */ = {
			isa = XCConfigurationList;
			buildConfigurations = (
				3A322BD522F7D06300F5E7DB /* Debug */,
				3A322BD622F7D06300F5E7DB /* Release */,
			);
			defaultConfigurationIsVisible = 0;
			defaultConfigurationName = Release;
		};
		3A322BD722F7D06300F5E7DB /* Build configuration list for PBXNativeTarget "Practice" */ = {
			isa = XCConfigurationList;
			buildConfigurations = (
				3A322BD822F7D06300F5E7DB /* Debug */,
				3A322BD922F7D06300F5E7DB /* Release */,
			);
			defaultConfigurationIsVisible = 0;
			defaultConfigurationName = Release;
		};
/* End XCConfigurationList section */
	};
	rootObject = 3A322BBD22F7D06000F5E7DB /* Project object */;
}
